github.com/KimMachineGun/automemlimit v1.0.0 h1:+MqlvDE/pkJNjk1rU+O14QsH8k10nJAD0frB0lsxyvw=
github.com/KimMachineGun/automemlimit v1.0.0/go.mod h1:n+BSXxQWDFS1DKh67Rqo0lgTsowsg6x65ak5uyngML0=
github.com/pbnjay/memory v0.0.0-20210728143218-7b4eea64cf58 h1:onHthvaw9LFnH4t2DcNVpwGmV9E1BkGknEliJkfwQj0=
github.com/pbnjay/memory v0.0.0-20210728143218-7b4eea64cf58/go.mod h1:DXv8WO4yhMYhSNPKjeNKa5WY9YCIEBRbNzFFPJbWO6Y=
go.l3.ai/certs v0.2.2 h1:A1b4F9Kr1iOJM83is30aT+lZ/YEivFZPb0fWUETiTSc=
go.l3.ai/certs v0.2.2/go.mod h1:S4uMwQQDan9yEIhd17Z4Hrzx4haxduJ3eaF7Tn+1mYQ=
go.l3.ai/cli v0.2.8 h1:+PnW2fbu9CzXSCvGk1qXC7VjNErBJ8uT7PlaJtsuXFQ=
go.l3.ai/cli v0.2.8/go.mod h1:N7Mwbakf0mjgcxT1ORKCKUpKnGta0PELwDaRiIZzTkg=
go.l3.ai/collections v0.2.7 h1:WrBZsrYtc0KPixUyID7WCdvQ37J1qcU2meh0A/d8ewc=
go.l3.ai/collections v0.2.7/go.mod h1:kfmXVVL5jgik4fhm3c/dbpC2ICmIJjxDsFBo7z+RZZk=
go.l3.ai/html v0.2.11 h1:xIyeUYub6akboGLAse1yGU0AStrEnqby4ot+Wd3Yiu0=
go.l3.ai/html v0.2.11/go.mod h1:FcQIBYEfV67DViticFmcLc6MFBUpHffm2iiAMMJc3Hg=
go.l3.ai/signals v0.2.2 h1:zzU1dHqBKViUkRjWKbSaeU+rLYyCWEt24hH+uATkDDg=
go.l3.ai/signals v0.2.2/go.mod h1:gwB+nNjX/XtcuPZGjKHBWI3t0Y0ievyzj+iflpjaTHQ=
go.l3.ai/whatwg-url v0.4.4 h1:ZfrzjauTMAZrlI96fcOb/YC/MEw0ycY/J6iCFWK7Ev4=
go.l3.ai/whatwg-url v0.4.4/go.mod h1:8yMcS429kSIhtSaRs2+aD5LTSC6716yZem3pc1+lbXk=
go.l3.ai/workers v0.1.4 h1:Ge7Yi1nZ677NakX0k2nTCbgdAm8q5v2/1adX9rv4Wko=
go.l3.ai/workers v0.1.4/go.mod h1:PZj+vQ+2uEXFOhLX/t2Al2V7Quh6wYRHH1rG2pKktiU=
