github.com/KimMachineGun/automemlimit v1.0.0 h1:+MqlvDE/pkJNjk1rU+O14QsH8k10nJAD0frB0lsxyvw=
github.com/KimMachineGun/automemlimit v1.0.0/go.mod h1:n+BSXxQWDFS1DKh67Rqo0lgTsowsg6x65ak5uyngML0=
github.com/pbnjay/memory v0.0.0-20210728143218-7b4eea64cf58 h1:onHthvaw9LFnH4t2DcNVpwGmV9E1BkGknEliJkfwQj0=
github.com/pbnjay/memory v0.0.0-20210728143218-7b4eea64cf58/go.mod h1:DXv8WO4yhMYhSNPKjeNKa5WY9YCIEBRbNzFFPJbWO6Y=
go.l3.ai/certs v0.2.1 h1:RCwSMXNeF/usuVjw9yDJ1fwaP0fbWHAzFodUCvw+yfs=
go.l3.ai/certs v0.2.1/go.mod h1:S4uMwQQDan9yEIhd17Z4Hrzx4haxduJ3eaF7Tn+1mYQ=
go.l3.ai/cli v0.2.6 h1:Jv6k1p5/nQhgLXW26T+Lx1xTkCYVyfMdsZmaXUkjDYM=
go.l3.ai/cli v0.2.6/go.mod h1:N7Mwbakf0mjgcxT1ORKCKUpKnGta0PELwDaRiIZzTkg=
go.l3.ai/collections v0.2.5 h1:d5Zd9OlO/f9dHiSiWUaGvc/INY02UhJ6MLk95WGu7zQ=
go.l3.ai/collections v0.2.5/go.mod h1:kfmXVVL5jgik4fhm3c/dbpC2ICmIJjxDsFBo7z+RZZk=
go.l3.ai/html v0.2.9 h1:n9+Vqae+rgCJdp+6Of9drgD57bIKA4WgaUKal3Kl6pc=
go.l3.ai/html v0.2.9/go.mod h1:FcQIBYEfV67DViticFmcLc6MFBUpHffm2iiAMMJc3Hg=
go.l3.ai/signals v0.2.1 h1:Z5hQU5iXc7mkI03lROZH3oYHNTj1kKYPEWyfku9Reu8=
go.l3.ai/signals v0.2.1/go.mod h1:gwB+nNjX/XtcuPZGjKHBWI3t0Y0ievyzj+iflpjaTHQ=
go.l3.ai/whatwg-url v0.4.2 h1:8hlPq1D2xVhMin2trZXhJYZTAp7VbkH28uxnvddnA94=
go.l3.ai/whatwg-url v0.4.2/go.mod h1:8yMcS429kSIhtSaRs2+aD5LTSC6716yZem3pc1+lbXk=
go.l3.ai/workers v0.1.2 h1:oXMCtzHlA0ZRMcWvM9nxh2J0Cxq++z6Hcp7bBspTEtE=
go.l3.ai/workers v0.1.2/go.mod h1:PZj+vQ+2uEXFOhLX/t2Al2V7Quh6wYRHH1rG2pKktiU=
